
Microsoft Visual Studio Solution File, Format Version 12.00
# Visual Studio Version 17
VisualStudioVersion = 17.11.35312.102
MinimumVisualStudioVersion = 10.0.40219.1
Project("{FAE04EC0-301F-11D3-BF4B-00C04F79EFBC}") = "Rawy.APIs", "Rawy.APIs\Rawy.APIs.csproj", "{84684B47-2017-4DB3-BAE6-03960FDB6DD5}"
EndProject
Project("{FAE04EC0-301F-11D3-BF4B-00C04F79EFBC}") = "Rawy.DAL", "Rawy.DAL\Rawy.DAL.csproj", "{BC575149-E911-4334-AB4D-916C4CDB87EC}"
EndProject
Project("{FAE04EC0-301F-11D3-BF4B-00C04F79EFBC}") = "Rawy.BLL", "Rawy.BLL\Rawy.BLL.csproj", "{9ED5D260-74B5-4533-9AD3-48A9C4CAAC91}"
EndProject
Global
	GlobalSection(SolutionConfigurationPlatforms) = preSolution
		Debug|Any CPU = Debug|Any CPU
		Release|Any CPU = Release|Any CPU
	EndGlobalSection
	GlobalSection(ProjectConfigurationPlatforms) = postSolution
		{84684B47-2017-4DB3-BAE6-03960FDB6DD5}.Debug|Any CPU.ActiveCfg = Debug|Any CPU
		{84684B47-2017-4DB3-BAE6-03960FDB6DD5}.Debug|Any CPU.Build.0 = Debug|Any CPU
		{84684B47-2017-4DB3-BAE6-03960FDB6DD5}.Release|Any CPU.ActiveCfg = Release|Any CPU
		{84684B47-2017-4DB3-BAE6-03960FDB6DD5}.Release|Any CPU.Build.0 = Release|Any CPU
		{BC575149-E911-4334-AB4D-916C4CDB87EC}.Debug|Any CPU.ActiveCfg = Debug|Any CPU
		{BC575149-E911-4334-AB4D-916C4CDB87EC}.Debug|Any CPU.Build.0 = Debug|Any CPU
		{BC575149-E911-4334-AB4D-916C4CDB87EC}.Release|Any CPU.ActiveCfg = Release|Any CPU
		{BC575149-E911-4334-AB4D-916C4CDB87EC}.Release|Any CPU.Build.0 = Release|Any CPU
		{9ED5D260-74B5-4533-9AD3-48A9C4CAAC91}.Debug|Any CPU.ActiveCfg = Debug|Any CPU
		{9ED5D260-74B5-4533-9AD3-48A9C4CAAC91}.Debug|Any CPU.Build.0 = Debug|Any CPU
		{9ED5D260-74B5-4533-9AD3-48A9C4CAAC91}.Release|Any CPU.ActiveCfg = Release|Any CPU
		{9ED5D260-74B5-4533-9AD3-48A9C4CAAC91}.Release|Any CPU.Build.0 = Release|Any CPU
	EndGlobalSection
	GlobalSection(SolutionProperties) = preSolution
		HideSolutionNode = FALSE
	EndGlobalSection
	GlobalSection(ExtensibilityGlobals) = postSolution
		SolutionGuid = {A451C34D-236B-41D7-899F-032C03C49ACC}
	EndGlobalSection
EndGlobal
